
Microsoft Visual Studio Solution File, Format Version 12.00
# Visual Studio 15
VisualStudioVersion = 15.0.28307.168
MinimumVisualStudioVersion = 10.0.40219.1
Project("{9A19103F-16F7-4668-BE54-9A1E7A4F7556}") = "FunctWithFabs", "FunctWithFabs\FunctWithFabs.csproj", "{039FC741-8DA9-4F08-B3EF-ADFA9AC6FD1C}"
EndProject
Project("{9A19103F-16F7-4668-BE54-9A1E7A4F7556}") = "TF.CognitiveServices.VisionServices.OCR.JSONResultsParser", "..\..\..\Users\fabian\Downloads\OCRtoJSONCogSvc\AzureFuncs-master\TF.CognitiveServices.VisionServices.OCR.JSONResultsParser\TF.CognitiveServices.VisionServices.OCR.JSONResultsParser.csproj", "{A16517DE-4553-4FA7-BB4E-D04DB2410B36}"
EndProject
Global
	GlobalSection(SolutionConfigurationPlatforms) = preSolution
		Debug|Any CPU = Debug|Any CPU
		Release|Any CPU = Release|Any CPU
	EndGlobalSection
	GlobalSection(ProjectConfigurationPlatforms) = postSolution
		{039FC741-8DA9-4F08-B3EF-ADFA9AC6FD1C}.Debug|Any CPU.ActiveCfg = Debug|Any CPU
		{039FC741-8DA9-4F08-B3EF-ADFA9AC6FD1C}.Debug|Any CPU.Build.0 = Debug|Any CPU
		{039FC741-8DA9-4F08-B3EF-ADFA9AC6FD1C}.Release|Any CPU.ActiveCfg = Release|Any CPU
		{039FC741-8DA9-4F08-B3EF-ADFA9AC6FD1C}.Release|Any CPU.Build.0 = Release|Any CPU
		{A16517DE-4553-4FA7-BB4E-D04DB2410B36}.Debug|Any CPU.ActiveCfg = Debug|Any CPU
		{A16517DE-4553-4FA7-BB4E-D04DB2410B36}.Debug|Any CPU.Build.0 = Debug|Any CPU
		{A16517DE-4553-4FA7-BB4E-D04DB2410B36}.Release|Any CPU.ActiveCfg = Release|Any CPU
		{A16517DE-4553-4FA7-BB4E-D04DB2410B36}.Release|Any CPU.Build.0 = Release|Any CPU
	EndGlobalSection
	GlobalSection(SolutionProperties) = preSolution
		HideSolutionNode = FALSE
	EndGlobalSection
	GlobalSection(ExtensibilityGlobals) = postSolution
		SolutionGuid = {4A4EBAFE-C5B8-4BAC-A736-F49CAA4EDCDD}
	EndGlobalSection
EndGlobal
